
Microsoft Visual Studio Solution File, Format Version 12.00
# Visual Studio Version 17
VisualStudioVersion = 17.5.002.0
MinimumVisualStudioVersion = 10.0.40219.1
Project("{9A19103F-16F7-4668-BE54-9A1E7A4F7556}") = "Library", "Library\Library.csproj", "{1A4583FE-C289-4757-BBEB-92D1317679AF}"
EndProject
Project("{9A19103F-16F7-4668-BE54-9A1E7A4F7556}") = "Program", "Program\Program.csproj", "{27A49B82-AF6F-4692-82C1-5F2B73CC5E4B}"
EndProject
Global
	GlobalSection(SolutionConfigurationPlatforms) = preSolution
		Debug|Any CPU = Debug|Any CPU
		Release|Any CPU = Release|Any CPU
	EndGlobalSection
	GlobalSection(ProjectConfigurationPlatforms) = postSolution
		{1A4583FE-C289-4757-BBEB-92D1317679AF}.Debug|Any CPU.ActiveCfg = Debug|Any CPU
		{1A4583FE-C289-4757-BBEB-92D1317679AF}.Debug|Any CPU.Build.0 = Debug|Any CPU
		{1A4583FE-C289-4757-BBEB-92D1317679AF}.Release|Any CPU.ActiveCfg = Release|Any CPU
		{1A4583FE-C289-4757-BBEB-92D1317679AF}.Release|Any CPU.Build.0 = Release|Any CPU
		{27A49B82-AF6F-4692-82C1-5F2B73CC5E4B}.Debug|Any CPU.ActiveCfg = Debug|Any CPU
		{27A49B82-AF6F-4692-82C1-5F2B73CC5E4B}.Debug|Any CPU.Build.0 = Debug|Any CPU
		{27A49B82-AF6F-4692-82C1-5F2B73CC5E4B}.Release|Any CPU.ActiveCfg = Release|Any CPU
		{27A49B82-AF6F-4692-82C1-5F2B73CC5E4B}.Release|Any CPU.Build.0 = Release|Any CPU
	EndGlobalSection
	GlobalSection(SolutionProperties) = preSolution
		HideSolutionNode = FALSE
	EndGlobalSection
	GlobalSection(ExtensibilityGlobals) = postSolution
		SolutionGuid = {AA74D4B8-8B74-4EF1-995D-4F8379F89B6E}
	EndGlobalSection
EndGlobal
